
Microsoft Visual Studio Solution File, Format Version 12.00
# Visual Studio 15
VisualStudioVersion = 15.0.28307.421
MinimumVisualStudioVersion = 10.0.40219.1
Project("{FAE04EC0-301F-11D3-BF4B-00C04F79EFBC}") = "WebCoreApi", "WebCore\WebCoreApi.csproj", "{E6AAC73E-3AE1-4758-93CB-A2E75BCF4CEC}"
EndProject
Global
	GlobalSection(SolutionConfigurationPlatforms) = preSolution
		Debug|Any CPU = Debug|Any CPU
		Release|Any CPU = Release|Any CPU
	EndGlobalSection
	GlobalSection(ProjectConfigurationPlatforms) = postSolution
		{E6AAC73E-3AE1-4758-93CB-A2E75BCF4CEC}.Debug|Any CPU.ActiveCfg = Debug|Any CPU
		{E6AAC73E-3AE1-4758-93CB-A2E75BCF4CEC}.Debug|Any CPU.Build.0 = Debug|Any CPU
		{E6AAC73E-3AE1-4758-93CB-A2E75BCF4CEC}.Release|Any CPU.ActiveCfg = Release|Any CPU
		{E6AAC73E-3AE1-4758-93CB-A2E75BCF4CEC}.Release|Any CPU.Build.0 = Release|Any CPU
	EndGlobalSection
	GlobalSection(SolutionProperties) = preSolution
		HideSolutionNode = FALSE
	EndGlobalSection
	GlobalSection(ExtensibilityGlobals) = postSolution
		SolutionGuid = {11B55858-8DE2-4629-A9D3-8305020A2AF6}
	EndGlobalSection
EndGlobal
